PODS:
  - FSCalendar (2.8.0)
  - Networking (4.4.0)
  - Pilas (0.1.1)
  - Sync (5.1.0)

DEPENDENCIES:
  - FSCalendar
  - Networking (~> 4)
  - Pilas
  - Sync (~> 5)

SPEC REPOS:
  https://github.com/cocoapods/specs.git:
    - FSCalendar
    - Networking
    - Pilas
    - Sync

SPEC CHECKSUMS:
  FSCalendar: 3a5ed3636e2ba1b83ebebfcf0c2603105a6f5efe
  Networking: cbef47ab030af248248c26a696adb88989b52ef1
  Pilas: 66340dd4dbd7f1ba926e9d963edb4335bec39023
  Sync: 0412c2b068eb7cf1a04607e948ef92cbd6114d0f

PODFILE CHECKSUM: 246d5c6e735f5d4107b43041b0adc45de378f4a5

COCOAPODS: 1.6.1
