PODS:
  - FSCalendar (2.8.0)
  - Pilas (0.1.1)

DEPENDENCIES:
  - FSCalendar
  - Pilas

SPEC REPOS:
  https://github.com/cocoapods/specs.git:
    - FSCalendar
    - Pilas

SPEC CHECKSUMS:
  FSCalendar: 3a5ed3636e2ba1b83ebebfcf0c2603105a6f5efe
  Pilas: 66340dd4dbd7f1ba926e9d963edb4335bec39023

PODFILE CHECKSUM: e19035eb6c8f1c6de27378276764c49719625a62

COCOAPODS: 1.6.1
